
Microsoft Visual Studio Solution File, Format Version 12.00
# Visual Studio Version 16
VisualStudioVersion = 16.0.31702.278
MinimumVisualStudioVersion = 10.0.40219.1
Project("{FAE04EC0-301F-11D3-BF4B-00C04F79EFBC}") = "TelaLogin", "TelaLogin\TelaLogin.csproj", "{EF8F116A-5FBE-40E6-9BE1-A79A057597EB}"
EndProject
Global
	GlobalSection(SolutionConfigurationPlatforms) = preSolution
		Debug|Any CPU = Debug|Any CPU
		Release|Any CPU = Release|Any CPU
	EndGlobalSection
	GlobalSection(ProjectConfigurationPlatforms) = postSolution
		{EF8F116A-5FBE-40E6-9BE1-A79A057597EB}.Debug|Any CPU.ActiveCfg = Debug|Any CPU
		{EF8F116A-5FBE-40E6-9BE1-A79A057597EB}.Debug|Any CPU.Build.0 = Debug|Any CPU
		{EF8F116A-5FBE-40E6-9BE1-A79A057597EB}.Release|Any CPU.ActiveCfg = Release|Any CPU
		{EF8F116A-5FBE-40E6-9BE1-A79A057597EB}.Release|Any CPU.Build.0 = Release|Any CPU
	EndGlobalSection
	GlobalSection(SolutionProperties) = preSolution
		HideSolutionNode = FALSE
	EndGlobalSection
	GlobalSection(ExtensibilityGlobals) = postSolution
		SolutionGuid = {57D00649-21E3-4D1C-B9CE-F3A6CEDC814C}
	EndGlobalSection
EndGlobal
